// !$*UTF8*$!
{
	archiveVersion = 1;
	classes = {
	};
	objectVersion = 46;
	objects = {

/* Begin PBXBuildFile section */
		EB954E631E95C5CC00141CB8 /* AppDelegate.swift in Sources */ = {isa = PBXBuildFile; fileRef = EB954E621E95C5CC00141CB8 /* AppDelegate.swift */; };
		EB954E651E95C5CC00141CB8 /* ViewController.swift in Sources */ = {isa = PBXBuildFile; fileRef = EB954E641E95C5CC00141CB8 /* ViewController.swift */; };
		EB954E681E95C5CC00141CB8 /* Main.storyboard in Resources */ = {isa = PBXBuildFile; fileRef = EB954E661E95C5CC00141CB8 /* Main.storyboard */; };
		EB954E6A1E95C5CC00141CB8 /* Assets.xcassets in Resources */ = {isa = PBXBuildFile; fileRef = EB954E691E95C5CC00141CB8 /* Assets.xcassets */; };
		EB954E6D1E95C5CC00141CB8 /* LaunchScreen.storyboard in Resources */ = {isa = PBXBuildFile; fileRef = EB954E6B1E95C5CC00141CB8 /* LaunchScreen.storyboard */; };
		EB954E781E95C5CC00141CB8 /* DSU_iOS_exe_gitHubTests.swift in Sources */ = {isa = PBXBuildFile; fileRef = EB954E771E95C5CC00141CB8 /* DSU_iOS_exe_gitHubTests.swift */; };
		EB954E831E95C5CC00141CB8 /* DSU_iOS_exe_gitHubUITests.swift in Sources */ = {isa = PBXBuildFile; fileRef = EB954E821E95C5CC00141CB8 /* DSU_iOS_exe_gitHubUITests.swift */; };
/* End PBXBuildFile section */

/* Begin PBXContainerItemProxy section */
		EB954E741E95C5CC00141CB8 /* PBXContainerItemProxy */ = {
			isa = PBXContainerItemProxy;
			containerPortal = EB954E571E95C5CB00141CB8 /* Project object */;
			proxyType = 1;
			remoteGlobalIDString = EB954E5E1E95C5CB00141CB8;
			remoteInfo = DSU_iOS_exe_gitHub;
		};
		EB954E7F1E95C5CC00141CB8 /* PBXContainerItemProxy */ = {
			isa = PBXContainerItemProxy;
			containerPortal = EB954E571E95C5CB00141CB8 /* Project object */;
			proxyType = 1;
			remoteGlobalIDString = EB954E5E1E95C5CB00141CB8;
			remoteInfo = DSU_iOS_exe_gitHub;
		};
/* End PBXContainerItemProxy section */

/* Begin PBXFileReference section */
		EB954E5F1E95C5CC00141CB8 /* DSU_iOS_exe_gitHub.app */ = {isa = PBXFileReference; explicitFileType = wrapper.application; includeInIndex = 0; path = DSU_iOS_exe_gitHub.app; sourceTree = BUILT_PRODUCTS_DIR; };
		EB954E621E95C5CC00141CB8 /* AppDelegate.swift */ = {isa = PBXFileReference; lastKnownFileType = sourcecode.swift; path = AppDelegate.swift; sourceTree = "<group>"; };
		EB954E641E95C5CC00141CB8 /* ViewController.swift */ = {isa = PBXFileReference; lastKnownFileType = sourcecode.swift; path = ViewController.swift; sourceTree = "<group>"; };
		EB954E671E95C5CC00141CB8 /* Base */ = {isa = PBXFileReference; lastKnownFileType = file.storyboard; name = Base; path = Base.lproj/Main.storyboard; sourceTree = "<group>"; };
		EB954E691E95C5CC00141CB8 /* Assets.xcassets */ = {isa = PBXFileReference; lastKnownFileType = folder.assetcatalog; path = Assets.xcassets; sourceTree = "<group>"; };
		EB954E6C1E95C5CC00141CB8 /* Base */ = {isa = PBXFileReference; lastKnownFileType = file.storyboard; name = Base; path = Base.lproj/LaunchScreen.storyboard; sourceTree = "<group>"; };
		EB954E6E1E95C5CC00141CB8 /* Info.plist */ = {isa = PBXFileReference; lastKnownFileType = text.plist.xml; path = Info.plist; sourceTree = "<group>"; };
		EB954E731E95C5CC00141CB8 /* DSU_iOS_exe_gitHubTests.xctest */ = {isa = PBXFileReference; explicitFileType = wrapper.cfbundle; includeInIndex = 0; path = DSU_iOS_exe_gitHubTests.xctest; sourceTree = BUILT_PRODUCTS_DIR; };
		EB954E771E95C5CC00141CB8 /* DSU_iOS_exe_gitHubTests.swift */ = {isa = PBXFileReference; lastKnownFileType = sourcecode.swift; path = DSU_iOS_exe_gitHubTests.swift; sourceTree = "<group>"; };
		EB954E791E95C5CC00141CB8 /* Info.plist */ = {isa = PBXFileReference; lastKnownFileType = text.plist.xml; path = Info.plist; sourceTree = "<group>"; };
		EB954E7E1E95C5CC00141CB8 /* DSU_iOS_exe_gitHubUITests.xctest */ = {isa = PBXFileReference; explicitFileType = wrapper.cfbundle; includeInIndex = 0; path = DSU_iOS_exe_gitHubUITests.xctest; sourceTree = BUILT_PRODUCTS_DIR; };
		EB954E821E95C5CC00141CB8 /* DSU_iOS_exe_gitHubUITests.swift */ = {isa = PBXFileReference; lastKnownFileType = sourcecode.swift; path = DSU_iOS_exe_gitHubUITests.swift; sourceTree = "<group>"; };
		EB954E841E95C5CC00141CB8 /* Info.plist */ = {isa = PBXFileReference; lastKnownFileType = text.plist.xml; path = Info.plist; sourceTree = "<group>"; };
/* End PBXFileReference section */

/* Begin PBXFrameworksBuildPhase section */
		EB954E5C1E95C5CB00141CB8 /* Frameworks */ = {
			isa = PBXFrameworksBuildPhase;
			buildActionMask = 2147483647;
			files = (
			);
			runOnlyForDeploymentPostprocessing = 0;
		};
		EB954E701E95C5CC00141CB8 /* Frameworks */ = {
			isa = PBXFrameworksBuildPhase;
			buildActionMask = 2147483647;
			files = (
			);
			runOnlyForDeploymentPostprocessing = 0;
		};
		EB954E7B1E95C5CC00141CB8 /* Frameworks */ = {
			isa = PBXFrameworksBuildPhase;
			buildActionMask = 2147483647;
			files = (
			);
			runOnlyForDeploymentPostprocessing = 0;
		};
/* End PBXFrameworksBuildPhase section */

/* Begin PBXGroup section */
		EB954E561E95C5CB00141CB8 = {
			isa = PBXGroup;
			children = (
				EB954E611E95C5CC00141CB8 /* DSU_iOS_exe_gitHub */,
				EB954E761E95C5CC00141CB8 /* DSU_iOS_exe_gitHubTests */,
				EB954E811E95C5CC00141CB8 /* DSU_iOS_exe_gitHubUITests */,
				EB954E601E95C5CC00141CB8 /* Products */,
			);
			sourceTree = "<group>";
		};
		EB954E601E95C5CC00141CB8 /* Products */ = {
			isa = PBXGroup;
			children = (
				EB954E5F1E95C5CC00141CB8 /* DSU_iOS_exe_gitHub.app */,
				EB954E731E95C5CC00141CB8 /* DSU_iOS_exe_gitHubTests.xctest */,
				EB954E7E1E95C5CC00141CB8 /* DSU_iOS_exe_gitHubUITests.xctest */,
			);
			name = Products;
			sourceTree = "<group>";
		};
		EB954E611E95C5CC00141CB8 /* DSU_iOS_exe_gitHub */ = {
			isa = PBXGroup;
			children = (
				EB954E621E95C5CC00141CB8 /* AppDelegate.swift */,
				EB954E641E95C5CC00141CB8 /* ViewController.swift */,
				EB954E661E95C5CC00141CB8 /* Main.storyboard */,
				EB954E691E95C5CC00141CB8 /* Assets.xcassets */,
				EB954E6B1E95C5CC00141CB8 /* LaunchScreen.storyboard */,
				EB954E6E1E95C5CC00141CB8 /* Info.plist */,
			);
			path = DSU_iOS_exe_gitHub;
			sourceTree = "<group>";
		};
		EB954E761E95C5CC00141CB8 /* DSU_iOS_exe_gitHubTests */ = {
			isa = PBXGroup;
			children = (
				EB954E771E95C5CC00141CB8 /* DSU_iOS_exe_gitHubTests.swift */,
				EB954E791E95C5CC00141CB8 /* Info.plist */,
			);
			path = DSU_iOS_exe_gitHubTests;
			sourceTree = "<group>";
		};
		EB954E811E95C5CC00141CB8 /* DSU_iOS_exe_gitHubUITests */ = {
			isa = PBXGroup;
			children = (
				EB954E821E95C5CC00141CB8 /* DSU_iOS_exe_gitHubUITests.swift */,
				EB954E841E95C5CC00141CB8 /* Info.plist */,
			);
			path = DSU_iOS_exe_gitHubUITests;
			sourceTree = "<group>";
		};
/* End PBXGroup section */

/* Begin PBXNativeTarget section */
		EB954E5E1E95C5CB00141CB8 /* DSU_iOS_exe_gitHub */ = {
			isa = PBXNativeTarget;
			buildConfigurationList = EB954E871E95C5CC00141CB8 /* Build configuration list for PBXNativeTarget "DSU_iOS_exe_gitHub" */;
			buildPhases = (
				EB954E5B1E95C5CB00141CB8 /* Sources */,
				EB954E5C1E95C5CB00141CB8 /* Frameworks */,
				EB954E5D1E95C5CB00141CB8 /* Resources */,
			);
			buildRules = (
			);
			dependencies = (
			);
			name = DSU_iOS_exe_gitHub;
			productName = DSU_iOS_exe_gitHub;
			productReference = EB954E5F1E95C5CC00141CB8 /* DSU_iOS_exe_gitHub.app */;
			productType = "com.apple.product-type.application";
		};
		EB954E721E95C5CC00141CB8 /* DSU_iOS_exe_gitHubTests */ = {
			isa = PBXNativeTarget;
			buildConfigurationList = EB954E8A1E95C5CC00141CB8 /* Build configuration list for PBXNativeTarget "DSU_iOS_exe_gitHubTests" */;
			buildPhases = (
				EB954E6F1E95C5CC00141CB8 /* Sources */,
				EB954E701E95C5CC00141CB8 /* Frameworks */,
				EB954E711E95C5CC00141CB8 /* Resources */,
			);
			buildRules = (
			);
			dependencies = (
				EB954E751E95C5CC00141CB8 /* PBXTargetDependency */,
			);
			name = DSU_iOS_exe_gitHubTests;
			productName = DSU_iOS_exe_gitHubTests;
			productReference = EB954E731E95C5CC00141CB8 /* DSU_iOS_exe_gitHubTests.xctest */;
			productType = "com.apple.product-type.bundle.unit-test";
		};
		EB954E7D1E95C5CC00141CB8 /* DSU_iOS_exe_gitHubUITests */ = {
			isa = PBXNativeTarget;
			buildConfigurationList = EB954E8D1E95C5CC00141CB8 /* Build configuration list for PBXNativeTarget "DSU_iOS_exe_gitHubUITests" */;
			buildPhases = (
				EB954E7A1E95C5CC00141CB8 /* Sources */,
				EB954E7B1E95C5CC00141CB8 /* Frameworks */,
				EB954E7C1E95C5CC00141CB8 /* Resources */,
			);
			buildRules = (
			);
			dependencies = (
				EB954E801E95C5CC00141CB8 /* PBXTargetDependency */,
			);
			name = DSU_iOS_exe_gitHubUITests;
			productName = DSU_iOS_exe_gitHubUITests;
			productReference = EB954E7E1E95C5CC00141CB8 /* DSU_iOS_exe_gitHubUITests.xctest */;
			productType = "com.apple.product-type.bundle.ui-testing";
		};
/* End PBXNativeTarget section */

/* Begin PBXProject section */
		EB954E571E95C5CB00141CB8 /* Project object */ = {
			isa = PBXProject;
			attributes = {
				LastSwiftUpdateCheck = 0810;
				LastUpgradeCheck = 0810;
				ORGANIZATIONNAME = YD;
				TargetAttributes = {
					EB954E5E1E95C5CB00141CB8 = {
						CreatedOnToolsVersion = 8.1;
						ProvisioningStyle = Automatic;
					};
					EB954E721E95C5CC00141CB8 = {
						CreatedOnToolsVersion = 8.1;
						ProvisioningStyle = Automatic;
						TestTargetID = EB954E5E1E95C5CB00141CB8;
					};
					EB954E7D1E95C5CC00141CB8 = {
						CreatedOnToolsVersion = 8.1;
						ProvisioningStyle = Automatic;
						TestTargetID = EB954E5E1E95C5CB00141CB8;
					};
				};
			};
			buildConfigurationList = EB954E5A1E95C5CB00141CB8 /* Build configuration list for PBXProject "DSU_iOS_exe_gitHub" */;
			compatibilityVersion = "Xcode 3.2";
			developmentRegion = English;
			hasScannedForEncodings = 0;
			knownRegions = (
				en,
				Base,
			);
			mainGroup = EB954E561E95C5CB00141CB8;
			productRefGroup = EB954E601E95C5CC00141CB8 /* Products */;
			projectDirPath = "";
			projectRoot = "";
			targets = (
				EB954E5E1E95C5CB00141CB8 /* DSU_iOS_exe_gitHub */,
				EB954E721E95C5CC00141CB8 /* DSU_iOS_exe_gitHubTests */,
				EB954E7D1E95C5CC00141CB8 /* DSU_iOS_exe_gitHubUITests */,
			);
		};
/* End PBXProject section */

/* Begin PBXResourcesBuildPhase section */
		EB954E5D1E95C5CB00141CB8 /* Resources */ = {
			isa = PBXResourcesBuildPhase;
			buildActionMask = 2147483647;
			files = (
				EB954E6D1E95C5CC00141CB8 /* LaunchScreen.storyboard in Resources */,
				EB954E6A1E95C5CC00141CB8 /* Assets.xcassets in Resources */,
				EB954E681E95C5CC00141CB8 /* Main.storyboard in Resources */,
			);
			runOnlyForDeploymentPostprocessing = 0;
		};
		EB954E711E95C5CC00141CB8 /* Resources */ = {
			isa = PBXResourcesBuildPhase;
			buildActionMask = 2147483647;
			files = (
			);
			runOnlyForDeploymentPostprocessing = 0;
		};
		EB954E7C1E95C5CC00141CB8 /* Resources */ = {
			isa = PBXResourcesBuildPhase;
			buildActionMask = 2147483647;
			files = (
			);
			runOnlyForDeploymentPostprocessing = 0;
		};
/* End PBXResourcesBuildPhase section */

/* Begin PBXSourcesBuildPhase section */
		EB954E5B1E95C5CB00141CB8 /* Sources */ = {
			isa = PBXSourcesBuildPhase;
			buildActionMask = 2147483647;
			files = (
				EB954E651E95C5CC00141CB8 /* ViewController.swift in Sources */,
				EB954E631E95C5CC00141CB8 /* AppDelegate.swift in Sources */,
			);
			runOnlyForDeploymentPostprocessing = 0;
		};
		EB954E6F1E95C5CC00141CB8 /* Sources */ = {
			isa = PBXSourcesBuildPhase;
			buildActionMask = 2147483647;
			files = (
				EB954E781E95C5CC00141CB8 /* DSU_iOS_exe_gitHubTests.swift in Sources */,
			);
			runOnlyForDeploymentPostprocessing = 0;
		};
		EB954E7A1E95C5CC00141CB8 /* Sources */ = {
			isa = PBXSourcesBuildPhase;
			buildActionMask = 2147483647;
			files = (
				EB954E831E95C5CC00141CB8 /* DSU_iOS_exe_gitHubUITests.swift in Sources */,
			);
			runOnlyForDeploymentPostprocessing = 0;
		};
/* End PBXSourcesBuildPhase section */

/* Begin PBXTargetDependency section */
		EB954E751E95C5CC00141CB8 /* PBXTargetDependency */ = {
			isa = PBXTargetDependency;
			target = EB954E5E1E95C5CB00141CB8 /* DSU_iOS_exe_gitHub */;
			targetProxy = EB954E741E95C5CC00141CB8 /* PBXContainerItemProxy */;
		};
		EB954E801E95C5CC00141CB8 /* PBXTargetDependency */ = {
			isa = PBXTargetDependency;
			target = EB954E5E1E95C5CB00141CB8 /* DSU_iOS_exe_gitHub */;
			targetProxy = EB954E7F1E95C5CC00141CB8 /* PBXContainerItemProxy */;
		};
/* End PBXTargetDependency section */

/* Begin PBXVariantGroup section */
		EB954E661E95C5CC00141CB8 /* Main.storyboard */ = {
			isa = PBXVariantGroup;
			children = (
				EB954E671E95C5CC00141CB8 /* Base */,
			);
			name = Main.storyboard;
			sourceTree = "<group>";
		};
		EB954E6B1E95C5CC00141CB8 /* LaunchScreen.storyboard */ = {
			isa = PBXVariantGroup;
			children = (
				EB954E6C1E95C5CC00141CB8 /* Base */,
			);
			name = LaunchScreen.storyboard;
			sourceTree = "<group>";
		};
/* End PBXVariantGroup section */

/* Begin XCBuildConfiguration section */
		EB954E851E95C5CC00141CB8 /* Debug */ = {
			isa = XCBuildConfiguration;
			buildSettings = {
				ALWAYS_SEARCH_USER_PATHS = NO;
				CLANG_ANALYZER_NONNULL = YES;
				CLANG_CXX_LANGUAGE_STANDARD = "gnu++0x";
				CLANG_CXX_LIBRARY = "libc++";
				CLANG_ENABLE_MODULES = YES;
				CLANG_ENABLE_OBJC_ARC = YES;
				CLANG_WARN_BOOL_CONVERSION = YES;
				CLANG_WARN_CONSTANT_CONVERSION = YES;
				CLANG_WARN_DIRECT_OBJC_ISA_USAGE = YES_ERROR;
				CLANG_WARN_DOCUMENTATION_COMMENTS = YES;
				CLANG_WARN_EMPTY_BODY = YES;
				CLANG_WARN_ENUM_CONVERSION = YES;
				CLANG_WARN_INFINITE_RECURSION = YES;
				CLANG_WARN_INT_CONVERSION = YES;
				CLANG_WARN_OBJC_ROOT_CLASS = YES_ERROR;
				CLANG_WARN_SUSPICIOUS_MOVES = YES;
				CLANG_WARN_UNREACHABLE_CODE = YES;
				CLANG_WARN__DUPLICATE_METHOD_MATCH = YES;
				"CODE_SIGN_IDENTITY[sdk=iphoneos*]" = "iPhone Developer";
				COPY_PHASE_STRIP = NO;
				DEBUG_INFORMATION_FORMAT = dwarf;
				ENABLE_STRICT_OBJC_MSGSEND = YES;
				ENABLE_TESTABILITY = YES;
				GCC_C_LANGUAGE_STANDARD = gnu99;
				GCC_DYNAMIC_NO_PIC = NO;
				GCC_NO_COMMON_BLOCKS = YES;
				GCC_OPTIMIZATION_LEVEL = 0;
				GCC_PREPROCESSOR_DEFINITIONS = (
					"DEBUG=1",
					"$(inherited)",
				);
				GCC_WARN_64_TO_32_BIT_CONVERSION = YES;
				GCC_WARN_ABOUT_RETURN_TYPE = YES_ERROR;
				GCC_WARN_UNDECLARED_SELECTOR = YES;
				GCC_WARN_UNINITIALIZED_AUTOS = YES_AGGRESSIVE;
				GCC_WARN_UNUSED_FUNCTION = YES;
				GCC_WARN_UNUSED_VARIABLE = YES;
				IPHONEOS_DEPLOYMENT_TARGET = 10.1;
				MTL_ENABLE_DEBUG_INFO = YES;
				ONLY_ACTIVE_ARCH = YES;
				SDKROOT = iphoneos;
				SWIFT_ACTIVE_COMPILATION_CONDITIONS = DEBUG;
				SWIFT_OPTIMIZATION_LEVEL = "-Onone";
				TARGETED_DEVICE_FAMILY = "1,2";
			};
			name = Debug;
		};
		EB954E861E95C5CC00141CB8 /* Release */ = {
			isa = XCBuildConfiguration;
			buildSettings = {
				ALWAYS_SEARCH_USER_PATHS = NO;
				CLANG_ANALYZER_NONNULL = YES;
				CLANG_CXX_LANGUAGE_STANDARD = "gnu++0x";
				CLANG_CXX_LIBRARY = "libc++";
				CLANG_ENABLE_MODULES = YES;
				CLANG_ENABLE_OBJC_ARC = YES;
				CLANG_WARN_BOOL_CONVERSION = YES;
				CLANG_WARN_CONSTANT_CONVERSION = YES;
				CLANG_WARN_DIRECT_OBJC_ISA_USAGE = YES_ERROR;
				CLANG_WARN_DOCUMENTATION_COMMENTS = YES;
				CLANG_WARN_EMPTY_BODY = YES;
				CLANG_WARN_ENUM_CONVERSION = YES;
				CLANG_WARN_INFINITE_RECURSION = YES;
				CLANG_WARN_INT_CONVERSION = YES;
				CLANG_WARN_OBJC_ROOT_CLASS = YES_ERROR;
				CLANG_WARN_SUSPICIOUS_MOVES = YES;
				CLANG_WARN_UNREACHABLE_CODE = YES;
				CLANG_WARN__DUPLICATE_METHOD_MATCH = YES;
				"CODE_SIGN_IDENTITY[sdk=iphoneos*]" = "iPhone Developer";
				COPY_PHASE_STRIP = NO;
				DEBUG_INFORMATION_FORMAT = "dwarf-with-dsym";
				ENABLE_NS_ASSERTIONS = NO;
				ENABLE_STRICT_OBJC_MSGSEND = YES;
				GCC_C_LANGUAGE_STANDARD = gnu99;
				GCC_NO_COMMON_BLOCKS = YES;
				GCC_WARN_64_TO_32_BIT_CONVERSION = YES;
				GCC_WARN_ABOUT_RETURN_TYPE = YES_ERROR;
				GCC_WARN_UNDECLARED_SELECTOR = YES;
				GCC_WARN_UNINITIALIZED_AUTOS = YES_AGGRESSIVE;
				GCC_WARN_UNUSED_FUNCTION = YES;
				GCC_WARN_UNUSED_VARIABLE = YES;
				IPHONEOS_DEPLOYMENT_TARGET = 10.1;
				MTL_ENABLE_DEBUG_INFO = NO;
				SDKROOT = iphoneos;
				SWIFT_OPTIMIZATION_LEVEL = "-Owholemodule";
				TARGETED_DEVICE_FAMILY = "1,2";
				VALIDATE_PRODUCT = YES;
			};
			name = Release;
		};
		EB954E881E95C5CC00141CB8 /* Debug */ = {
			isa = XCBuildConfiguration;
			buildSettings = {
				ASSETCATALOG_COMPILER_APPICON_NAME = AppIcon;
				INFOPLIST_FILE = DSU_iOS_exe_gitHub/Info.plist;
				LD_RUNPATH_SEARCH_PATHS = "$(inherited) @executable_path/Frameworks";
				PRODUCT_BUNDLE_IDENTIFIER = "ptYD.DSU-iOS-exe-gitHub";
				PRODUCT_NAME = "$(TARGET_NAME)";
				SWIFT_VERSION = 3.0;
			};
			name = Debug;
		};
		EB954E891E95C5CC00141CB8 /* Release */ = {
			isa = XCBuildConfiguration;
			buildSettings = {
				ASSETCATALOG_COMPILER_APPICON_NAME = AppIcon;
				INFOPLIST_FILE = DSU_iOS_exe_gitHub/Info.plist;
				LD_RUNPATH_SEARCH_PATHS = "$(inherited) @executable_path/Frameworks";
				PRODUCT_BUNDLE_IDENTIFIER = "ptYD.DSU-iOS-exe-gitHub";
				PRODUCT_NAME = "$(TARGET_NAME)";
				SWIFT_VERSION = 3.0;
			};
			name = Release;
		};
		EB954E8B1E95C5CC00141CB8 /* Debug */ = {
			isa = XCBuildConfiguration;
			buildSettings = {
				ALWAYS_EMBED_SWIFT_STANDARD_LIBRARIES = YES;
				BUNDLE_LOADER = "$(TEST_HOST)";
				INFOPLIST_FILE = DSU_iOS_exe_gitHubTests/Info.plist;
				LD_RUNPATH_SEARCH_PATHS = "$(inherited) @executable_path/Frameworks @loader_path/Frameworks";
				PRODUCT_BUNDLE_IDENTIFIER = "ptYD.DSU-iOS-exe-gitHubTests";
				PRODUCT_NAME = "$(TARGET_NAME)";
				SWIFT_VERSION = 3.0;
				TEST_HOST = "$(BUILT_PRODUCTS_DIR)/DSU_iOS_exe_gitHub.app/DSU_iOS_exe_gitHub";
			};
			name = Debug;
		};
		EB954E8C1E95C5CC00141CB8 /* Release */ = {
			isa = XCBuildConfiguration;
			buildSettings = {
				ALWAYS_EMBED_SWIFT_STANDARD_LIBRARIES = YES;
				BUNDLE_LOADER = "$(TEST_HOST)";
				INFOPLIST_FILE = DSU_iOS_exe_gitHubTests/Info.plist;
				LD_RUNPATH_SEARCH_PATHS = "$(inherited) @executable_path/Frameworks @loader_path/Frameworks";
				PRODUCT_BUNDLE_IDENTIFIER = "ptYD.DSU-iOS-exe-gitHubTests";
				PRODUCT_NAME = "$(TARGET_NAME)";
				SWIFT_VERSION = 3.0;
				TEST_HOST = "$(BUILT_PRODUCTS_DIR)/DSU_iOS_exe_gitHub.app/DSU_iOS_exe_gitHub";
			};
			name = Release;
		};
		EB954E8E1E95C5CC00141CB8 /* Debug */ = {
			isa = XCBuildConfiguration;
			buildSettings = {
				ALWAYS_EMBED_SWIFT_STANDARD_LIBRARIES = YES;
				INFOPLIST_FILE = DSU_iOS_exe_gitHubUITests/Info.plist;
				LD_RUNPATH_SEARCH_PATHS = "$(inherited) @executable_path/Frameworks @loader_path/Frameworks";
				PRODUCT_BUNDLE_IDENTIFIER = "ptYD.DSU-iOS-exe-gitHubUITests";
				PRODUCT_NAME = "$(TARGET_NAME)";
				SWIFT_VERSION = 3.0;
				TEST_TARGET_NAME = DSU_iOS_exe_gitHub;
			};
			name = Debug;
		};
		EB954E8F1E95C5CC00141CB8 /* Release */ = {
			isa = XCBuildConfiguration;
			buildSettings = {
				ALWAYS_EMBED_SWIFT_STANDARD_LIBRARIES = YES;
				INFOPLIST_FILE = DSU_iOS_exe_gitHubUITests/Info.plist;
				LD_RUNPATH_SEARCH_PATHS = "$(inherited) @executable_path/Frameworks @loader_path/Frameworks";
				PRODUCT_BUNDLE_IDENTIFIER = "ptYD.DSU-iOS-exe-gitHubUITests";
				PRODUCT_NAME = "$(TARGET_NAME)";
				SWIFT_VERSION = 3.0;
				TEST_TARGET_NAME = DSU_iOS_exe_gitHub;
			};
			name = Release;
		};
/* End XCBuildConfiguration section */

/* Begin XCConfigurationList section */
		EB954E5A1E95C5CB00141CB8 /* Build configuration list for PBXProject "DSU_iOS_exe_gitHub" */ = {
			isa = XCConfigurationList;
			buildConfigurations = (
				EB954E851E95C5CC00141CB8 /* Debug */,
				EB954E861E95C5CC00141CB8 /* Release */,
			);
			defaultConfigurationIsVisible = 0;
			defaultConfigurationName = Release;
		};
		EB954E871E95C5CC00141CB8 /* Build configuration list for PBXNativeTarget "DSU_iOS_exe_gitHub" */ = {
			isa = XCConfigurationList;
			buildConfigurations = (
				EB954E881E95C5CC00141CB8 /* Debug */,
				EB954E891E95C5CC00141CB8 /* Release */,
			);
			defaultConfigurationIsVisible = 0;
		};
		EB954E8A1E95C5CC00141CB8 /* Build configuration list for PBXNativeTarget "DSU_iOS_exe_gitHubTests" */ = {
			isa = XCConfigurationList;
			buildConfigurations = (
				EB954E8B1E95C5CC00141CB8 /* Debug */,
				EB954E8C1E95C5CC00141CB8 /* Release */,
			);
			defaultConfigurationIsVisible = 0;
		};
		EB954E8D1E95C5CC00141CB8 /* Build configuration list for PBXNativeTarget "DSU_iOS_exe_gitHubUITests" */ = {
			isa = XCConfigurationList;
			buildConfigurations = (
				EB954E8E1E95C5CC00141CB8 /* Debug */,
				EB954E8F1E95C5CC00141CB8 /* Release */,
			);
			defaultConfigurationIsVisible = 0;
		};
/* End XCConfigurationList section */
	};
	rootObject = EB954E571E95C5CB00141CB8 /* Project object */;
}
